NeoBundleLock vim-rails fda0d5b3dd9fbc2bbb089f8b0e4ce77548c1c336
NeoBundleLock vim-indent-guides eec1b629dc4cfa3986d20f21d4b4489732cd3f5a
NeoBundleLock vim-trailing-whitespace d4ad27de051848e544e360482bdf076b154de0c1
NeoBundleLock vim-rspec f733ab32702577ad799e3cd4095aa0bd5bcaf582
NeoBundleLock neobundle.vim 4a3bb7fb323b62f571c22ff15139fe996dc60ac8
NeoBundleLock vim-ruby 5e429a504f016c86a8989be2554239d175e366e9
NeoBundleLock neomru.vim e562f157565a2190f487088b5fdd95a4663adf03
NeoBundleLock vim-dispatch f18abc46c23c9ce8af8b2cd03a3ce1d1d43c285c
NeoBundleLock tcomment_vim 1916655a7c1a511fa50af8aea91cad54f32e57e5
NeoBundleLock unite.vim bc48c2b00d457437585bc1d12f006bdeef7f9a3d
NeoBundleLock neocomplcache 237442924ac366015e6e0a8a13a31ac37be0c696
NeoBundleLock nerdtree f8fd2ecce20f5005e6313ce57d6d2a209890c946
